
Microsoft Visual Studio Solution File, Format Version 12.00
# Visual Studio 15
VisualStudioVersion = 15.0.26730.10
MinimumVisualStudioVersion = 10.0.40219.1
Project("{FAE04EC0-301F-11D3-BF4B-00C04F79EFBC}") = "Welcome2", "Welcome2.csproj", "{D3C366D8-0162-464C-9BB9-68410DCBC469}"
EndProject
Global
	GlobalSection(SolutionConfigurationPlatforms) = preSolution
		Debug|Any CPU = Debug|Any CPU
		Release|Any CPU = Release|Any CPU
	EndGlobalSection
	GlobalSection(ProjectConfigurationPlatforms) = postSolution
		{D3C366D8-0162-464C-9BB9-68410DCBC469}.Debug|Any CPU.ActiveCfg = Debug|Any CPU
		{D3C366D8-0162-464C-9BB9-68410DCBC469}.Debug|Any CPU.Build.0 = Debug|Any CPU
		{D3C366D8-0162-464C-9BB9-68410DCBC469}.Release|Any CPU.ActiveCfg = Release|Any CPU
		{D3C366D8-0162-464C-9BB9-68410DCBC469}.Release|Any CPU.Build.0 = Release|Any CPU
	EndGlobalSection
	GlobalSection(SolutionProperties) = preSolution
		HideSolutionNode = FALSE
	EndGlobalSection
	GlobalSection(ExtensibilityGlobals) = postSolution
		SolutionGuid = {F73A10CE-5A6E-4FA9-A083-F67567735C8A}
	EndGlobalSection
EndGlobal
